
Microsoft Visual Studio Solution File, Format Version 12.00
# Visual Studio 15
VisualStudioVersion = 15.0.26730.12
MinimumVisualStudioVersion = 10.0.40219.1
Project("{8BC9CEB8-8B4A-11D0-8D11-00A0C91BC942}") = "Area of a Circle", "Area of a Circle\Area of a Circle.vcxproj", "{A3F87455-A7D9-45EC-8099-66BAF2C5715F}"
EndProject
Global
	GlobalSection(SolutionConfigurationPlatforms) = preSolution
		Debug|x64 = Debug|x64
		Debug|x86 = Debug|x86
		Release|x64 = Release|x64
		Release|x86 = Release|x86
	EndGlobalSection
	GlobalSection(ProjectConfigurationPlatforms) = postSolution
		{A3F87455-A7D9-45EC-8099-66BAF2C5715F}.Debug|x64.ActiveCfg = Debug|x64
		{A3F87455-A7D9-45EC-8099-66BAF2C5715F}.Debug|x64.Build.0 = Debug|x64
		{A3F87455-A7D9-45EC-8099-66BAF2C5715F}.Debug|x86.ActiveCfg = Debug|Win32
		{A3F87455-A7D9-45EC-8099-66BAF2C5715F}.Debug|x86.Build.0 = Debug|Win32
		{A3F87455-A7D9-45EC-8099-66BAF2C5715F}.Release|x64.ActiveCfg = Release|x64
		{A3F87455-A7D9-45EC-8099-66BAF2C5715F}.Release|x64.Build.0 = Release|x64
		{A3F87455-A7D9-45EC-8099-66BAF2C5715F}.Release|x86.ActiveCfg = Release|Win32
		{A3F87455-A7D9-45EC-8099-66BAF2C5715F}.Release|x86.Build.0 = Release|Win32
	EndGlobalSection
	GlobalSection(SolutionProperties) = preSolution
		HideSolutionNode = FALSE
	EndGlobalSection
	GlobalSection(ExtensibilityGlobals) = postSolution
		SolutionGuid = {CCC7E494-409E-4E18-89B2-B5DE5C9120E3}
	EndGlobalSection
EndGlobal
